Gui:
  Name: '&b&lPlAXERHUB GUI'
  Size: 27
  SlotToReplaceItem: 0
  CloseItem:
    Type: "barrier"
    Meta: '&c&lCLOSE'
    Lore: '&a&lClose the gui'
  Item1:
    Type: "sand"
    Meta: '&c&lClick'
    Lore: '&a&lClick for take'
  Item2:
    Type: "tnt"
    Meta: '&c&lClick'
    Lore: '&a&lClick for take'
  Item3:
    Type: "stone"
    Meta: '&c&lClick'
    Lore: '&a&lClick for take'
  Item4:
    Type: "clay"
    Meta: '&c&lClick'
    Lore: '&a&lClick for take'
  OnGiveItem:
    Meta: "&7Block"